<?xml version="1.0" encoding="utf-8"?>
<Project ToolsVersion="4.0" xmlns="http://schemas.microsoft.com/developer/msbuild/2003">
  <ItemGroup>
    <Filter Include="Source Files">
      <UniqueIdentifier>{4FC737F1-C7A5-4376-A066-2A32D752A2FF}</UniqueIdentifier>
      <Extensions>cpp;c;cc;cxx;def;odl;idl;hpj;bat;asm;asmx</Extensions>
    </Filter>
    <Filter Include="Header Files">
      <UniqueIdentifier>{93995380-89BD-4b04-88EB-625FBE52EBFB}</UniqueIdentifier>
      <Extensions>h;hpp;hxx;hm;inl;inc;xsd</Extensions>
    </Filter>
    <Filter Include="Resource Files">
      <UniqueIdentifier>{67DA6AB6-F800-4c08-8B7A-83BB121AAD01}</UniqueIdentifier>
      <Extensions>rc;ico;cur;bmp;dlg;rc2;rct;bin;rgs;gif;jpg;jpeg;jpe;resx;tiff;tif;png;wav;mfcribbon-ms</Extensions>
    </Filter>
  </ItemGroup>
  <ItemGroup>
    <ClCompile Include="stdafx.cpp">
      <Filter>Source Files</Filter>
    </ClCompile>
    <ClCompile Include="Services\thxgatrs.cpp">
      <Filter>Source Files</Filter>
    </ClCompile>
    <ClCompile Include="Services\thzsend.cpp">
      <Filter>Source Files</Filter>
    </ClCompile>
    <ClCompile Include="Services\thxscan.cpp">
      <Filter>Source Files</Filter>
    </ClCompile>
    <ClCompile Include="Services\thz.cpp">
      <Filter>Source Files</Filter>
    </ClCompile>
    <ClCompile Include="Services\thzclos.cpp">
      <Filter>Source Files</Filter>
    </ClCompile>
    <ClCompile Include="Services\thzcrep.cpp">
      <Filter>Source Files</Filter>
    </ClCompile>
    <ClCompile Include="Services\thzdfpt.cpp">
      <Filter>Source Files</Filter>
    </ClCompile>
    <ClCompile Include="Services\thzdrop.cpp">
      <Filter>Source Files</Filter>
    </ClCompile>
    <ClCompile Include="Services\thzgsize.cpp">
      <Filter>Source Files</Filter>
    </ClCompile>
    <ClCompile Include="Services\thzpop.cpp">
      <Filter>Source Files</Filter>
    </ClCompile>
    <ClCompile Include="Services\thzpush.cpp">
      <Filter>Source Files</Filter>
    </ClCompile>
    <ClCompile Include="Services\thzrecv.cpp">
      <Filter>Source Files</Filter>
    </ClCompile>
    <ClCompile Include="Services\thziclos.cpp">
      <Filter>Source Files</Filter>
    </ClCompile>
    <ClCompile Include="Services\thzelct.cpp">
      <Filter>Source Files</Filter>
    </ClCompile>
    <ClCompile Include="Services\CppFBP.cpp">
      <Filter>Source Files</Filter>
    </ClCompile>
    <ClCompile Include="Services\thxbnet.cpp">
      <Filter>Source Files</Filter>
    </ClCompile>
    <ClCompile Include="IntComps\Network.cpp">
      <Filter>Source Files</Filter>
    </ClCompile>
    <ClCompile Include="Services\CppSub.cpp">
      <Filter>Source Files</Filter>
    </ClCompile>
  </ItemGroup>
  <ItemGroup>
    <ClInclude Include="headers\compsvcs.h">
      <Filter>Header Files</Filter>
    </ClInclude>
    <ClInclude Include="headers\dllheader.h">
      <Filter>Header Files</Filter>
    </ClInclude>
    <ClInclude Include="headers\fbp.h">
      <Filter>Header Files</Filter>
    </ClInclude>
    <ClInclude Include="headers\stdafx.h">
      <Filter>Header Files</Filter>
    </ClInclude>
    <ClInclude Include="headers\targetver.h">
      <Filter>Header Files</Filter>
    </ClInclude>
    <ClInclude Include="headers\thxanch.h">
      <Filter>Header Files</Filter>
    </ClInclude>
    <ClInclude Include="headers\thzcbs.h">
      <Filter>Header Files</Filter>
    </ClInclude>
    <ClInclude Include="Headers\cppfbp.h">
      <Filter>Header Files</Filter>
    </ClInclude>
    <ClInclude Include="Headers\thxdef.h">
      <Filter>Header Files</Filter>
    </ClInclude>
  </ItemGroup>
</Project>