
Microsoft Visual Studio Solution File, Format Version 12.00
# Visual Studio 14
VisualStudioVersion = 14.0.24720.0
MinimumVisualStudioVersion = 10.0.40219.1
Project("{8BC9CEB8-8B4A-11D0-8D11-00A0C91BC942}") = "CppFBPCore", "CppFBPCore\CppFBPCore.vcxproj", "{CD601953-D9D2-4A73-BC98-962132D532F4}"
EndProject
Project("{8BC9CEB8-8B4A-11D0-8D11-00A0C91BC942}") = "CppFBPComponents", "CppFBPComponents\CppFBPComponents.vcxproj", "{DDAECF69-DCC6-4FFE-8EEC-1641BD277B1F}"
	ProjectSection(ProjectDependencies) = postProject
		{CD601953-D9D2-4A73-BC98-962132D532F4} = {CD601953-D9D2-4A73-BC98-962132D532F4}
	EndProjectSection
EndProject
Project("{8BC9CEB8-8B4A-11D0-8D11-00A0C91BC942}") = "TestSubnets", "TestSubnets\TestSubnets.vcxproj", "{D21CD921-1B48-4266-A2EE-E197D950A3EC}"
	ProjectSection(ProjectDependencies) = postProject
		{CD601953-D9D2-4A73-BC98-962132D532F4} = {CD601953-D9D2-4A73-BC98-962132D532F4}
		{DDAECF69-DCC6-4FFE-8EEC-1641BD277B1F} = {DDAECF69-DCC6-4FFE-8EEC-1641BD277B1F}
	EndProjectSection
EndProject
Project("{8BC9CEB8-8B4A-11D0-8D11-00A0C91BC942}") = "Thxgen", "Thxgen\Thxgen.vcxproj", "{FC15EBBB-A017-4C60-B65E-FB534FD0D6C4}"
	ProjectSection(ProjectDependencies) = postProject
		{CD601953-D9D2-4A73-BC98-962132D532F4} = {CD601953-D9D2-4A73-BC98-962132D532F4}
	EndProjectSection
EndProject
Project("{8BC9CEB8-8B4A-11D0-8D11-00A0C91BC942}") = "CopyFile", "TestNetworks\CopyFile\CopyFile.vcxproj", "{D324AC2E-065C-4C89-A889-0A181C7688E3}"
	ProjectSection(ProjectDependencies) = postProject
		{CD601953-D9D2-4A73-BC98-962132D532F4} = {CD601953-D9D2-4A73-BC98-962132D532F4}
		{DDAECF69-DCC6-4FFE-8EEC-1641BD277B1F} = {DDAECF69-DCC6-4FFE-8EEC-1641BD277B1F}
	EndProjectSection
EndProject
Project("{8BC9CEB8-8B4A-11D0-8D11-00A0C91BC942}") = "DeadlockTest", "TestNetworks\DeadlockTest\DeadlockTest.vcxproj", "{53C66364-DE90-43E4-A27B-47EBCB96C89A}"
	ProjectSection(ProjectDependencies) = postProject
		{CD601953-D9D2-4A73-BC98-962132D532F4} = {CD601953-D9D2-4A73-BC98-962132D532F4}
		{DDAECF69-DCC6-4FFE-8EEC-1641BD277B1F} = {DDAECF69-DCC6-4FFE-8EEC-1641BD277B1F}
	EndProjectSection
EndProject
Project("{8BC9CEB8-8B4A-11D0-8D11-00A0C91BC942}") = "TimingTest2", "TestNetworks\TimingTest2\TimingTest2.vcxproj", "{B90CF4F5-16F9-4829-963E-270A7788AEE1}"
	ProjectSection(ProjectDependencies) = postProject
		{CD601953-D9D2-4A73-BC98-962132D532F4} = {CD601953-D9D2-4A73-BC98-962132D532F4}
		{DDAECF69-DCC6-4FFE-8EEC-1641BD277B1F} = {DDAECF69-DCC6-4FFE-8EEC-1641BD277B1F}
	EndProjectSection
EndProject
Project("{8BC9CEB8-8B4A-11D0-8D11-00A0C91BC942}") = "TimingTest1", "TestNetworks\TimingTest1\TimingTest1.vcxproj", "{A8E3FA59-0A96-4AC1-A422-F772DEB5272F}"
	ProjectSection(ProjectDependencies) = postProject
		{CD601953-D9D2-4A73-BC98-962132D532F4} = {CD601953-D9D2-4A73-BC98-962132D532F4}
		{DDAECF69-DCC6-4FFE-8EEC-1641BD277B1F} = {DDAECF69-DCC6-4FFE-8EEC-1641BD277B1F}
	EndProjectSection
EndProject
Project("{8BC9CEB8-8B4A-11D0-8D11-00A0C91BC942}") = "TryLua", "TestNetworks\TryLua\TryLua.vcxproj", "{A96FB3AE-C6C8-46CF-BA0F-D5593BE35E43}"
	ProjectSection(ProjectDependencies) = postProject
		{62D8DC3A-E37B-4C2C-9BB7-1F13E44FE1B7} = {62D8DC3A-E37B-4C2C-9BB7-1F13E44FE1B7}
		{CD601953-D9D2-4A73-BC98-962132D532F4} = {CD601953-D9D2-4A73-BC98-962132D532F4}
		{DDAECF69-DCC6-4FFE-8EEC-1641BD277B1F} = {DDAECF69-DCC6-4FFE-8EEC-1641BD277B1F}
	EndProjectSection
EndProject
Project("{8BC9CEB8-8B4A-11D0-8D11-00A0C91BC942}") = "CopyFileDyn", "DynNetworks\CopyFileDyn\CopyFileDyn.vcxproj", "{E6F3E8BE-FA79-4BEC-AA3B-3B33D8D9876A}"
	ProjectSection(ProjectDependencies) = postProject
		{62D8DC3A-E37B-4C2C-9BB7-1F13E44FE1B7} = {62D8DC3A-E37B-4C2C-9BB7-1F13E44FE1B7}
		{CD601953-D9D2-4A73-BC98-962132D532F4} = {CD601953-D9D2-4A73-BC98-962132D532F4}
	EndProjectSection
EndProject
Project("{8BC9CEB8-8B4A-11D0-8D11-00A0C91BC942}") = "TimingTest3", "TestNetworks\TimingTest3\TimingTest3.vcxproj", "{57AFACD1-A43D-4772-AA8F-521FF0B220DC}"
	ProjectSection(ProjectDependencies) = postProject
		{CD601953-D9D2-4A73-BC98-962132D532F4} = {CD601953-D9D2-4A73-BC98-962132D532F4}
		{DDAECF69-DCC6-4FFE-8EEC-1641BD277B1F} = {DDAECF69-DCC6-4FFE-8EEC-1641BD277B1F}
	EndProjectSection
EndProject
Project("{8BC9CEB8-8B4A-11D0-8D11-00A0C91BC942}") = "SolutionSettings", "SolutionSettings\SolutionSettings.vcxproj", "{A966924A-948A-4DFF-ABCE-2A6188345700}"
EndProject
Project("{8BC9CEB8-8B4A-11D0-8D11-00A0C91BC942}") = "TryLuaDyn", "DynNetworks\TryLuaDyn\TryLuaDyn.vcxproj", "{5B57785A-99A3-4D7A-AF09-0DCBD574229F}"
	ProjectSection(ProjectDependencies) = postProject
		{62D8DC3A-E37B-4C2C-9BB7-1F13E44FE1B7} = {62D8DC3A-E37B-4C2C-9BB7-1F13E44FE1B7}
		{CD601953-D9D2-4A73-BC98-962132D532F4} = {CD601953-D9D2-4A73-BC98-962132D532F4}
		{DDAECF69-DCC6-4FFE-8EEC-1641BD277B1F} = {DDAECF69-DCC6-4FFE-8EEC-1641BD277B1F}
	EndProjectSection
EndProject
Project("{8BC9CEB8-8B4A-11D0-8D11-00A0C91BC942}") = "TryInfQDyn", "DynNetworks\TryInfQDyn\TryInfQDyn.vcxproj", "{94C91431-3434-4706-AA41-F0462B889E0B}"
	ProjectSection(ProjectDependencies) = postProject
		{62D8DC3A-E37B-4C2C-9BB7-1F13E44FE1B7} = {62D8DC3A-E37B-4C2C-9BB7-1F13E44FE1B7}
		{CD601953-D9D2-4A73-BC98-962132D532F4} = {CD601953-D9D2-4A73-BC98-962132D532F4}
		{DDAECF69-DCC6-4FFE-8EEC-1641BD277B1F} = {DDAECF69-DCC6-4FFE-8EEC-1641BD277B1F}
	EndProjectSection
EndProject
Project("{8BC9CEB8-8B4A-11D0-8D11-00A0C91BC942}") = "TryDynSubNet", "TestNetworks\TryDynSubNet\TryDynSubNet.vcxproj", "{6FF571DA-D3E6-4F8D-916D-AE1FA9C666DE}"
	ProjectSection(ProjectDependencies) = postProject
		{62D8DC3A-E37B-4C2C-9BB7-1F13E44FE1B7} = {62D8DC3A-E37B-4C2C-9BB7-1F13E44FE1B7}
		{CD601953-D9D2-4A73-BC98-962132D532F4} = {CD601953-D9D2-4A73-BC98-962132D532F4}
		{DDAECF69-DCC6-4FFE-8EEC-1641BD277B1F} = {DDAECF69-DCC6-4FFE-8EEC-1641BD277B1F}
	EndProjectSection
EndProject
Project("{8BC9CEB8-8B4A-11D0-8D11-00A0C91BC942}") = "TryStatSubNet", "TestNetworks\TryStatSubNet\TryStatSubNet.vcxproj", "{E2C180E0-1CAE-4D37-AD32-D78C8B8057AD}"
	ProjectSection(ProjectDependencies) = postProject
		{62D8DC3A-E37B-4C2C-9BB7-1F13E44FE1B7} = {62D8DC3A-E37B-4C2C-9BB7-1F13E44FE1B7}
		{CD601953-D9D2-4A73-BC98-962132D532F4} = {CD601953-D9D2-4A73-BC98-962132D532F4}
		{DDAECF69-DCC6-4FFE-8EEC-1641BD277B1F} = {DDAECF69-DCC6-4FFE-8EEC-1641BD277B1F}
	EndProjectSection
EndProject
Project("{8BC9CEB8-8B4A-11D0-8D11-00A0C91BC942}") = "CppFBPComponentsDll", "CppFBPComponentsDll\CppFBPComponentsDll.vcxproj", "{62D8DC3A-E37B-4C2C-9BB7-1F13E44FE1B7}"
	ProjectSection(ProjectDependencies) = postProject
		{DDAECF69-DCC6-4FFE-8EEC-1641BD277B1F} = {DDAECF69-DCC6-4FFE-8EEC-1641BD277B1F}
	EndProjectSection
EndProject
Project("{8BC9CEB8-8B4A-11D0-8D11-00A0C91BC942}") = "CppFBPLua", "CppFBPLua\CppFBPLua.vcxproj", "{21C39035-E4A2-471A-BB06-642772F043F1}"
EndProject
Global
	GlobalSection(SolutionConfigurationPlatforms) = preSolution
		Debug|ARM = Debug|ARM
		Debug|Win32 = Debug|Win32
		Debug|x64 = Debug|x64
		Release|ARM = Release|ARM
		Release|Win32 = Release|Win32
		Release|x64 = Release|x64
	EndGlobalSection
	GlobalSection(ProjectConfigurationPlatforms) = postSolution
		{CD601953-D9D2-4A73-BC98-962132D532F4}.Debug|ARM.ActiveCfg = Debug|Win32
		{CD601953-D9D2-4A73-BC98-962132D532F4}.Debug|Win32.ActiveCfg = Debug|Win32
		{CD601953-D9D2-4A73-BC98-962132D532F4}.Debug|Win32.Build.0 = Debug|Win32
		{CD601953-D9D2-4A73-BC98-962132D532F4}.Debug|x64.ActiveCfg = Debug|x64
		{CD601953-D9D2-4A73-BC98-962132D532F4}.Debug|x64.Build.0 = Debug|x64
		{CD601953-D9D2-4A73-BC98-962132D532F4}.Release|ARM.ActiveCfg = Release|Win32
		{CD601953-D9D2-4A73-BC98-962132D532F4}.Release|Win32.ActiveCfg = Release|Win32
		{CD601953-D9D2-4A73-BC98-962132D532F4}.Release|Win32.Build.0 = Release|Win32
		{CD601953-D9D2-4A73-BC98-962132D532F4}.Release|x64.ActiveCfg = Release|Win32
		{DDAECF69-DCC6-4FFE-8EEC-1641BD277B1F}.Debug|ARM.ActiveCfg = Debug|Win32
		{DDAECF69-DCC6-4FFE-8EEC-1641BD277B1F}.Debug|Win32.ActiveCfg = Debug|Win32
		{DDAECF69-DCC6-4FFE-8EEC-1641BD277B1F}.Debug|Win32.Build.0 = Debug|Win32
		{DDAECF69-DCC6-4FFE-8EEC-1641BD277B1F}.Debug|x64.ActiveCfg = Debug|x64
		{DDAECF69-DCC6-4FFE-8EEC-1641BD277B1F}.Debug|x64.Build.0 = Debug|x64
		{DDAECF69-DCC6-4FFE-8EEC-1641BD277B1F}.Release|ARM.ActiveCfg = Release|Win32
		{DDAECF69-DCC6-4FFE-8EEC-1641BD277B1F}.Release|Win32.ActiveCfg = Release|Win32
		{DDAECF69-DCC6-4FFE-8EEC-1641BD277B1F}.Release|Win32.Build.0 = Release|Win32
		{DDAECF69-DCC6-4FFE-8EEC-1641BD277B1F}.Release|x64.ActiveCfg = Release|Win32
		{D21CD921-1B48-4266-A2EE-E197D950A3EC}.Debug|ARM.ActiveCfg = Debug|Win32
		{D21CD921-1B48-4266-A2EE-E197D950A3EC}.Debug|Win32.ActiveCfg = Debug|Win32
		{D21CD921-1B48-4266-A2EE-E197D950A3EC}.Debug|Win32.Build.0 = Debug|Win32
		{D21CD921-1B48-4266-A2EE-E197D950A3EC}.Debug|x64.ActiveCfg = Debug|x64
		{D21CD921-1B48-4266-A2EE-E197D950A3EC}.Debug|x64.Build.0 = Debug|x64
		{D21CD921-1B48-4266-A2EE-E197D950A3EC}.Release|ARM.ActiveCfg = Release|Win32
		{D21CD921-1B48-4266-A2EE-E197D950A3EC}.Release|Win32.ActiveCfg = Release|Win32
		{D21CD921-1B48-4266-A2EE-E197D950A3EC}.Release|Win32.Build.0 = Release|Win32
		{D21CD921-1B48-4266-A2EE-E197D950A3EC}.Release|x64.ActiveCfg = Release|Win32
		{FC15EBBB-A017-4C60-B65E-FB534FD0D6C4}.Debug|ARM.ActiveCfg = Debug|Win32
		{FC15EBBB-A017-4C60-B65E-FB534FD0D6C4}.Debug|Win32.ActiveCfg = Debug|Win32
		{FC15EBBB-A017-4C60-B65E-FB534FD0D6C4}.Debug|Win32.Build.0 = Debug|Win32
		{FC15EBBB-A017-4C60-B65E-FB534FD0D6C4}.Debug|x64.ActiveCfg = Debug|x64
		{FC15EBBB-A017-4C60-B65E-FB534FD0D6C4}.Debug|x64.Build.0 = Debug|x64
		{FC15EBBB-A017-4C60-B65E-FB534FD0D6C4}.Release|ARM.ActiveCfg = Release|Win32
		{FC15EBBB-A017-4C60-B65E-FB534FD0D6C4}.Release|Win32.ActiveCfg = Release|Win32
		{FC15EBBB-A017-4C60-B65E-FB534FD0D6C4}.Release|Win32.Build.0 = Release|Win32
		{FC15EBBB-A017-4C60-B65E-FB534FD0D6C4}.Release|x64.ActiveCfg = Release|Win32
		{D324AC2E-065C-4C89-A889-0A181C7688E3}.Debug|ARM.ActiveCfg = Debug|Win32
		{D324AC2E-065C-4C89-A889-0A181C7688E3}.Debug|Win32.ActiveCfg = Debug|Win32
		{D324AC2E-065C-4C89-A889-0A181C7688E3}.Debug|Win32.Build.0 = Debug|Win32
		{D324AC2E-065C-4C89-A889-0A181C7688E3}.Debug|x64.ActiveCfg = Debug|x64
		{D324AC2E-065C-4C89-A889-0A181C7688E3}.Debug|x64.Build.0 = Debug|x64
		{D324AC2E-065C-4C89-A889-0A181C7688E3}.Release|ARM.ActiveCfg = Release|Win32
		{D324AC2E-065C-4C89-A889-0A181C7688E3}.Release|Win32.ActiveCfg = Release|Win32
		{D324AC2E-065C-4C89-A889-0A181C7688E3}.Release|Win32.Build.0 = Release|Win32
		{D324AC2E-065C-4C89-A889-0A181C7688E3}.Release|x64.ActiveCfg = Release|Win32
		{53C66364-DE90-43E4-A27B-47EBCB96C89A}.Debug|ARM.ActiveCfg = Debug|Win32
		{53C66364-DE90-43E4-A27B-47EBCB96C89A}.Debug|Win32.ActiveCfg = Debug|Win32
		{53C66364-DE90-43E4-A27B-47EBCB96C89A}.Debug|Win32.Build.0 = Debug|Win32
		{53C66364-DE90-43E4-A27B-47EBCB96C89A}.Debug|x64.ActiveCfg = Debug|x64
		{53C66364-DE90-43E4-A27B-47EBCB96C89A}.Debug|x64.Build.0 = Debug|x64
		{53C66364-DE90-43E4-A27B-47EBCB96C89A}.Release|ARM.ActiveCfg = Release|Win32
		{53C66364-DE90-43E4-A27B-47EBCB96C89A}.Release|Win32.ActiveCfg = Release|Win32
		{53C66364-DE90-43E4-A27B-47EBCB96C89A}.Release|Win32.Build.0 = Release|Win32
		{53C66364-DE90-43E4-A27B-47EBCB96C89A}.Release|x64.ActiveCfg = Release|Win32
		{B90CF4F5-16F9-4829-963E-270A7788AEE1}.Debug|ARM.ActiveCfg = Debug|Win32
		{B90CF4F5-16F9-4829-963E-270A7788AEE1}.Debug|Win32.ActiveCfg = Debug|Win32
		{B90CF4F5-16F9-4829-963E-270A7788AEE1}.Debug|Win32.Build.0 = Debug|Win32
		{B90CF4F5-16F9-4829-963E-270A7788AEE1}.Debug|x64.ActiveCfg = Debug|x64
		{B90CF4F5-16F9-4829-963E-270A7788AEE1}.Debug|x64.Build.0 = Debug|x64
		{B90CF4F5-16F9-4829-963E-270A7788AEE1}.Release|ARM.ActiveCfg = Release|Win32
		{B90CF4F5-16F9-4829-963E-270A7788AEE1}.Release|Win32.ActiveCfg = Release|Win32
		{B90CF4F5-16F9-4829-963E-270A7788AEE1}.Release|Win32.Build.0 = Release|Win32
		{B90CF4F5-16F9-4829-963E-270A7788AEE1}.Release|x64.ActiveCfg = Release|Win32
		{A8E3FA59-0A96-4AC1-A422-F772DEB5272F}.Debug|ARM.ActiveCfg = Debug|Win32
		{A8E3FA59-0A96-4AC1-A422-F772DEB5272F}.Debug|Win32.ActiveCfg = Debug|Win32
		{A8E3FA59-0A96-4AC1-A422-F772DEB5272F}.Debug|Win32.Build.0 = Debug|Win32
		{A8E3FA59-0A96-4AC1-A422-F772DEB5272F}.Debug|x64.ActiveCfg = Debug|x64
		{A8E3FA59-0A96-4AC1-A422-F772DEB5272F}.Debug|x64.Build.0 = Debug|x64
		{A8E3FA59-0A96-4AC1-A422-F772DEB5272F}.Release|ARM.ActiveCfg = Release|Win32
		{A8E3FA59-0A96-4AC1-A422-F772DEB5272F}.Release|Win32.ActiveCfg = Release|Win32
		{A8E3FA59-0A96-4AC1-A422-F772DEB5272F}.Release|Win32.Build.0 = Release|Win32
		{A8E3FA59-0A96-4AC1-A422-F772DEB5272F}.Release|x64.ActiveCfg = Release|Win32
		{A96FB3AE-C6C8-46CF-BA0F-D5593BE35E43}.Debug|ARM.ActiveCfg = Debug|Win32
		{A96FB3AE-C6C8-46CF-BA0F-D5593BE35E43}.Debug|Win32.ActiveCfg = Debug|Win32
		{A96FB3AE-C6C8-46CF-BA0F-D5593BE35E43}.Debug|Win32.Build.0 = Debug|Win32
		{A96FB3AE-C6C8-46CF-BA0F-D5593BE35E43}.Debug|x64.ActiveCfg = Debug|x64
		{A96FB3AE-C6C8-46CF-BA0F-D5593BE35E43}.Debug|x64.Build.0 = Debug|x64
		{A96FB3AE-C6C8-46CF-BA0F-D5593BE35E43}.Release|ARM.ActiveCfg = Release|Win32
		{A96FB3AE-C6C8-46CF-BA0F-D5593BE35E43}.Release|Win32.ActiveCfg = Release|Win32
		{A96FB3AE-C6C8-46CF-BA0F-D5593BE35E43}.Release|Win32.Build.0 = Release|Win32
		{A96FB3AE-C6C8-46CF-BA0F-D5593BE35E43}.Release|x64.ActiveCfg = Release|Win32
		{E6F3E8BE-FA79-4BEC-AA3B-3B33D8D9876A}.Debug|ARM.ActiveCfg = Debug|Win32
		{E6F3E8BE-FA79-4BEC-AA3B-3B33D8D9876A}.Debug|Win32.ActiveCfg = Debug|Win32
		{E6F3E8BE-FA79-4BEC-AA3B-3B33D8D9876A}.Debug|Win32.Build.0 = Debug|Win32
		{E6F3E8BE-FA79-4BEC-AA3B-3B33D8D9876A}.Debug|x64.ActiveCfg = Debug|x64
		{E6F3E8BE-FA79-4BEC-AA3B-3B33D8D9876A}.Debug|x64.Build.0 = Debug|x64
		{E6F3E8BE-FA79-4BEC-AA3B-3B33D8D9876A}.Release|ARM.ActiveCfg = Release|Win32
		{E6F3E8BE-FA79-4BEC-AA3B-3B33D8D9876A}.Release|Win32.ActiveCfg = Release|Win32
		{E6F3E8BE-FA79-4BEC-AA3B-3B33D8D9876A}.Release|Win32.Build.0 = Release|Win32
		{E6F3E8BE-FA79-4BEC-AA3B-3B33D8D9876A}.Release|x64.ActiveCfg = Release|Win32
		{57AFACD1-A43D-4772-AA8F-521FF0B220DC}.Debug|ARM.ActiveCfg = Debug|Win32
		{57AFACD1-A43D-4772-AA8F-521FF0B220DC}.Debug|Win32.ActiveCfg = Debug|Win32
		{57AFACD1-A43D-4772-AA8F-521FF0B220DC}.Debug|Win32.Build.0 = Debug|Win32
		{57AFACD1-A43D-4772-AA8F-521FF0B220DC}.Debug|x64.ActiveCfg = Debug|x64
		{57AFACD1-A43D-4772-AA8F-521FF0B220DC}.Debug|x64.Build.0 = Debug|x64
		{57AFACD1-A43D-4772-AA8F-521FF0B220DC}.Release|ARM.ActiveCfg = Release|Win32
		{57AFACD1-A43D-4772-AA8F-521FF0B220DC}.Release|Win32.ActiveCfg = Release|Win32
		{57AFACD1-A43D-4772-AA8F-521FF0B220DC}.Release|Win32.Build.0 = Release|Win32
		{57AFACD1-A43D-4772-AA8F-521FF0B220DC}.Release|x64.ActiveCfg = Release|Win32
		{A966924A-948A-4DFF-ABCE-2A6188345700}.Debug|ARM.ActiveCfg = Debug|Win32
		{A966924A-948A-4DFF-ABCE-2A6188345700}.Debug|Win32.ActiveCfg = Debug|Win32
		{A966924A-948A-4DFF-ABCE-2A6188345700}.Debug|Win32.Build.0 = Debug|Win32
		{A966924A-948A-4DFF-ABCE-2A6188345700}.Debug|x64.ActiveCfg = Debug|Win32
		{A966924A-948A-4DFF-ABCE-2A6188345700}.Release|ARM.ActiveCfg = Release|Win32
		{A966924A-948A-4DFF-ABCE-2A6188345700}.Release|Win32.ActiveCfg = Release|Win32
		{A966924A-948A-4DFF-ABCE-2A6188345700}.Release|Win32.Build.0 = Release|Win32
		{A966924A-948A-4DFF-ABCE-2A6188345700}.Release|x64.ActiveCfg = Release|Win32
		{5B57785A-99A3-4D7A-AF09-0DCBD574229F}.Debug|ARM.ActiveCfg = Debug|Win32
		{5B57785A-99A3-4D7A-AF09-0DCBD574229F}.Debug|Win32.ActiveCfg = Debug|Win32
		{5B57785A-99A3-4D7A-AF09-0DCBD574229F}.Debug|Win32.Build.0 = Debug|Win32
		{5B57785A-99A3-4D7A-AF09-0DCBD574229F}.Debug|x64.ActiveCfg = Debug|x64
		{5B57785A-99A3-4D7A-AF09-0DCBD574229F}.Debug|x64.Build.0 = Debug|x64
		{5B57785A-99A3-4D7A-AF09-0DCBD574229F}.Release|ARM.ActiveCfg = Release|Win32
		{5B57785A-99A3-4D7A-AF09-0DCBD574229F}.Release|Win32.ActiveCfg = Release|Win32
		{5B57785A-99A3-4D7A-AF09-0DCBD574229F}.Release|Win32.Build.0 = Release|Win32
		{5B57785A-99A3-4D7A-AF09-0DCBD574229F}.Release|x64.ActiveCfg = Release|Win32
		{94C91431-3434-4706-AA41-F0462B889E0B}.Debug|ARM.ActiveCfg = Debug|Win32
		{94C91431-3434-4706-AA41-F0462B889E0B}.Debug|Win32.ActiveCfg = Debug|Win32
		{94C91431-3434-4706-AA41-F0462B889E0B}.Debug|Win32.Build.0 = Debug|Win32
		{94C91431-3434-4706-AA41-F0462B889E0B}.Debug|x64.ActiveCfg = Debug|x64
		{94C91431-3434-4706-AA41-F0462B889E0B}.Debug|x64.Build.0 = Debug|x64
		{94C91431-3434-4706-AA41-F0462B889E0B}.Release|ARM.ActiveCfg = Release|Win32
		{94C91431-3434-4706-AA41-F0462B889E0B}.Release|Win32.ActiveCfg = Release|Win32
		{94C91431-3434-4706-AA41-F0462B889E0B}.Release|Win32.Build.0 = Release|Win32
		{94C91431-3434-4706-AA41-F0462B889E0B}.Release|x64.ActiveCfg = Release|Win32
		{6FF571DA-D3E6-4F8D-916D-AE1FA9C666DE}.Debug|ARM.ActiveCfg = Debug|Win32
		{6FF571DA-D3E6-4F8D-916D-AE1FA9C666DE}.Debug|Win32.ActiveCfg = Debug|Win32
		{6FF571DA-D3E6-4F8D-916D-AE1FA9C666DE}.Debug|Win32.Build.0 = Debug|Win32
		{6FF571DA-D3E6-4F8D-916D-AE1FA9C666DE}.Debug|x64.ActiveCfg = Debug|x64
		{6FF571DA-D3E6-4F8D-916D-AE1FA9C666DE}.Debug|x64.Build.0 = Debug|x64
		{6FF571DA-D3E6-4F8D-916D-AE1FA9C666DE}.Release|ARM.ActiveCfg = Release|Win32
		{6FF571DA-D3E6-4F8D-916D-AE1FA9C666DE}.Release|Win32.ActiveCfg = Release|Win32
		{6FF571DA-D3E6-4F8D-916D-AE1FA9C666DE}.Release|Win32.Build.0 = Release|Win32
		{6FF571DA-D3E6-4F8D-916D-AE1FA9C666DE}.Release|x64.ActiveCfg = Release|Win32
		{E2C180E0-1CAE-4D37-AD32-D78C8B8057AD}.Debug|ARM.ActiveCfg = Debug|Win32
		{E2C180E0-1CAE-4D37-AD32-D78C8B8057AD}.Debug|Win32.ActiveCfg = Debug|Win32
		{E2C180E0-1CAE-4D37-AD32-D78C8B8057AD}.Debug|Win32.Build.0 = Debug|Win32
		{E2C180E0-1CAE-4D37-AD32-D78C8B8057AD}.Debug|x64.ActiveCfg = Debug|x64
		{E2C180E0-1CAE-4D37-AD32-D78C8B8057AD}.Debug|x64.Build.0 = Debug|x64
		{E2C180E0-1CAE-4D37-AD32-D78C8B8057AD}.Release|ARM.ActiveCfg = Release|Win32
		{E2C180E0-1CAE-4D37-AD32-D78C8B8057AD}.Release|Win32.ActiveCfg = Release|Win32
		{E2C180E0-1CAE-4D37-AD32-D78C8B8057AD}.Release|Win32.Build.0 = Release|Win32
		{E2C180E0-1CAE-4D37-AD32-D78C8B8057AD}.Release|x64.ActiveCfg = Release|Win32
		{62D8DC3A-E37B-4C2C-9BB7-1F13E44FE1B7}.Debug|ARM.ActiveCfg = Debug|Win32
		{62D8DC3A-E37B-4C2C-9BB7-1F13E44FE1B7}.Debug|Win32.ActiveCfg = Debug|Win32
		{62D8DC3A-E37B-4C2C-9BB7-1F13E44FE1B7}.Debug|Win32.Build.0 = Debug|Win32
		{62D8DC3A-E37B-4C2C-9BB7-1F13E44FE1B7}.Debug|x64.ActiveCfg = Debug|x64
		{62D8DC3A-E37B-4C2C-9BB7-1F13E44FE1B7}.Debug|x64.Build.0 = Debug|x64
		{62D8DC3A-E37B-4C2C-9BB7-1F13E44FE1B7}.Release|ARM.ActiveCfg = Release|Win32
		{62D8DC3A-E37B-4C2C-9BB7-1F13E44FE1B7}.Release|Win32.ActiveCfg = Release|Win32
		{62D8DC3A-E37B-4C2C-9BB7-1F13E44FE1B7}.Release|Win32.Build.0 = Release|Win32
		{62D8DC3A-E37B-4C2C-9BB7-1F13E44FE1B7}.Release|x64.ActiveCfg = Release|x64
		{62D8DC3A-E37B-4C2C-9BB7-1F13E44FE1B7}.Release|x64.Build.0 = Release|x64
		{21C39035-E4A2-471A-BB06-642772F043F1}.Debug|ARM.ActiveCfg = Debug|ARM
		{21C39035-E4A2-471A-BB06-642772F043F1}.Debug|ARM.Build.0 = Debug|ARM
		{21C39035-E4A2-471A-BB06-642772F043F1}.Debug|Win32.ActiveCfg = Debug|Win32
		{21C39035-E4A2-471A-BB06-642772F043F1}.Debug|Win32.Build.0 = Debug|Win32
		{21C39035-E4A2-471A-BB06-642772F043F1}.Debug|x64.ActiveCfg = Debug|x64
		{21C39035-E4A2-471A-BB06-642772F043F1}.Debug|x64.Build.0 = Debug|x64
		{21C39035-E4A2-471A-BB06-642772F043F1}.Release|ARM.ActiveCfg = Release|ARM
		{21C39035-E4A2-471A-BB06-642772F043F1}.Release|ARM.Build.0 = Release|ARM
		{21C39035-E4A2-471A-BB06-642772F043F1}.Release|Win32.ActiveCfg = Release|Win32
		{21C39035-E4A2-471A-BB06-642772F043F1}.Release|Win32.Build.0 = Release|Win32
		{21C39035-E4A2-471A-BB06-642772F043F1}.Release|x64.ActiveCfg = Release|x64
		{21C39035-E4A2-471A-BB06-642772F043F1}.Release|x64.Build.0 = Release|x64
	EndGlobalSection
	GlobalSection(SolutionProperties) = preSolution
		HideSolutionNode = FALSE
	EndGlobalSection
EndGlobal
