
Microsoft Visual Studio Solution File, Format Version 11.00
# Visual C++ Express 2010
Project("{8BC9CEB8-8B4A-11D0-8D11-00A0C91BC942}") = "CppFBPCore", "CppFBPCore\CppFBPCore.vcxproj", "{CD601953-D9D2-4A73-BC98-962132D532F4}"
EndProject
Project("{8BC9CEB8-8B4A-11D0-8D11-00A0C91BC942}") = "CppFBPComponents", "CppFBPComponents\CppFBPComponents.vcxproj", "{DDAECF69-DCC6-4FFE-8EEC-1641BD277B1F}"
EndProject
Project("{8BC9CEB8-8B4A-11D0-8D11-00A0C91BC942}") = "TestSubnets", "TestSubnets\TestSubnets.vcxproj", "{D21CD921-1B48-4266-A2EE-E197D950A3EC}"
EndProject
Project("{8BC9CEB8-8B4A-11D0-8D11-00A0C91BC942}") = "Thxgen", "Thxgen\Thxgen.vcxproj", "{FC15EBBB-A017-4C60-B65E-FB534FD0D6C4}"
EndProject
Project("{8BC9CEB8-8B4A-11D0-8D11-00A0C91BC942}") = "CopyFile", "TestNetworks\CopyFile\CopyFile.vcxproj", "{D324AC2E-065C-4C89-A889-0A181C7688E3}"
	ProjectSection(ProjectDependencies) = postProject
		{DDAECF69-DCC6-4FFE-8EEC-1641BD277B1F} = {DDAECF69-DCC6-4FFE-8EEC-1641BD277B1F}
	EndProjectSection
EndProject
Project("{8BC9CEB8-8B4A-11D0-8D11-00A0C91BC942}") = "DeadlockTest", "TestNetworks\DeadlockTest\DeadlockTest.vcxproj", "{53C66364-DE90-43E4-A27B-47EBCB96C89A}"
EndProject
Project("{8BC9CEB8-8B4A-11D0-8D11-00A0C91BC942}") = "TimingTest2", "TestNetworks\TimingTest2\TimingTest2.vcxproj", "{B90CF4F5-16F9-4829-963E-270A7788AEE1}"
EndProject
Project("{8BC9CEB8-8B4A-11D0-8D11-00A0C91BC942}") = "TimingTest1", "TestNetworks\TimingTest1\TimingTest1.vcxproj", "{A8E3FA59-0A96-4AC1-A422-F772DEB5272F}"
	ProjectSection(ProjectDependencies) = postProject
		{DDAECF69-DCC6-4FFE-8EEC-1641BD277B1F} = {DDAECF69-DCC6-4FFE-8EEC-1641BD277B1F}
	EndProjectSection
EndProject
Project("{8BC9CEB8-8B4A-11D0-8D11-00A0C91BC942}") = "TryLua", "TestNetworks\TryLua\TryLua.vcxproj", "{A96FB3AE-C6C8-46CF-BA0F-D5593BE35E43}"
EndProject
Project("{8BC9CEB8-8B4A-11D0-8D11-00A0C91BC942}") = "CopyFileDyn", "DynNetworks\CopyFileDyn\CopyFileDyn.vcxproj", "{E6F3E8BE-FA79-4BEC-AA3B-3B33D8D9876A}"
EndProject
Project("{8BC9CEB8-8B4A-11D0-8D11-00A0C91BC942}") = "TimingTest3", "TestNetworks\TimingTest3\TimingTest3.vcxproj", "{57AFACD1-A43D-4772-AA8F-521FF0B220DC}"
EndProject
Project("{8BC9CEB8-8B4A-11D0-8D11-00A0C91BC942}") = "SolutionSettings", "SolutionSettings\SolutionSettings.vcxproj", "{A966924A-948A-4DFF-ABCE-2A6188345700}"
EndProject
Project("{8BC9CEB8-8B4A-11D0-8D11-00A0C91BC942}") = "TryLuaDyn", "DynNetworks\TryLuaDyn\TryLuaDyn.vcxproj", "{5B57785A-99A3-4D7A-AF09-0DCBD574229F}"
EndProject
Project("{8BC9CEB8-8B4A-11D0-8D11-00A0C91BC942}") = "TryInfQDyn", "DynNetworks\TryInfQDyn\TryInfQDyn.vcxproj", "{94C91431-3434-4706-AA41-F0462B889E0B}"
EndProject
Project("{8BC9CEB8-8B4A-11D0-8D11-00A0C91BC942}") = "TrySubNet", "TestNetworks\TrySubNet\TrySubNet.vcxproj", "{6FF571DA-D3E6-4F8D-916D-AE1FA9C666DE}"
EndProject
Global
	GlobalSection(SolutionConfigurationPlatforms) = preSolution
		Debug|Win32 = Debug|Win32
		Release|Win32 = Release|Win32
	EndGlobalSection
	GlobalSection(ProjectConfigurationPlatforms) = postSolution
		{CD601953-D9D2-4A73-BC98-962132D532F4}.Debug|Win32.ActiveCfg = Debug|Win32
		{CD601953-D9D2-4A73-BC98-962132D532F4}.Debug|Win32.Build.0 = Debug|Win32
		{CD601953-D9D2-4A73-BC98-962132D532F4}.Release|Win32.ActiveCfg = Release|Win32
		{CD601953-D9D2-4A73-BC98-962132D532F4}.Release|Win32.Build.0 = Release|Win32
		{DDAECF69-DCC6-4FFE-8EEC-1641BD277B1F}.Debug|Win32.ActiveCfg = Debug|Win32
		{DDAECF69-DCC6-4FFE-8EEC-1641BD277B1F}.Release|Win32.ActiveCfg = Release|Win32
		{D21CD921-1B48-4266-A2EE-E197D950A3EC}.Debug|Win32.ActiveCfg = Debug|Win32
		{D21CD921-1B48-4266-A2EE-E197D950A3EC}.Release|Win32.ActiveCfg = Release|Win32
		{FC15EBBB-A017-4C60-B65E-FB534FD0D6C4}.Debug|Win32.ActiveCfg = Debug|Win32
		{FC15EBBB-A017-4C60-B65E-FB534FD0D6C4}.Debug|Win32.Build.0 = Debug|Win32
		{FC15EBBB-A017-4C60-B65E-FB534FD0D6C4}.Release|Win32.ActiveCfg = Release|Win32
		{FC15EBBB-A017-4C60-B65E-FB534FD0D6C4}.Release|Win32.Build.0 = Release|Win32
		{D324AC2E-065C-4C89-A889-0A181C7688E3}.Debug|Win32.ActiveCfg = Debug|Win32
		{D324AC2E-065C-4C89-A889-0A181C7688E3}.Release|Win32.ActiveCfg = Release|Win32
		{53C66364-DE90-43E4-A27B-47EBCB96C89A}.Debug|Win32.ActiveCfg = Debug|Win32
		{53C66364-DE90-43E4-A27B-47EBCB96C89A}.Release|Win32.ActiveCfg = Release|Win32
		{B90CF4F5-16F9-4829-963E-270A7788AEE1}.Debug|Win32.ActiveCfg = Debug|Win32
		{B90CF4F5-16F9-4829-963E-270A7788AEE1}.Release|Win32.ActiveCfg = Release|Win32
		{A8E3FA59-0A96-4AC1-A422-F772DEB5272F}.Debug|Win32.ActiveCfg = Debug|Win32
		{A8E3FA59-0A96-4AC1-A422-F772DEB5272F}.Debug|Win32.Build.0 = Debug|Win32
		{A8E3FA59-0A96-4AC1-A422-F772DEB5272F}.Release|Win32.ActiveCfg = Release|Win32
		{A8E3FA59-0A96-4AC1-A422-F772DEB5272F}.Release|Win32.Build.0 = Release|Win32
		{A96FB3AE-C6C8-46CF-BA0F-D5593BE35E43}.Debug|Win32.ActiveCfg = Debug|Win32
		{A96FB3AE-C6C8-46CF-BA0F-D5593BE35E43}.Debug|Win32.Build.0 = Debug|Win32
		{A96FB3AE-C6C8-46CF-BA0F-D5593BE35E43}.Release|Win32.ActiveCfg = Release|Win32
		{A96FB3AE-C6C8-46CF-BA0F-D5593BE35E43}.Release|Win32.Build.0 = Release|Win32
		{E6F3E8BE-FA79-4BEC-AA3B-3B33D8D9876A}.Debug|Win32.ActiveCfg = Debug|Win32
		{E6F3E8BE-FA79-4BEC-AA3B-3B33D8D9876A}.Debug|Win32.Build.0 = Debug|Win32
		{E6F3E8BE-FA79-4BEC-AA3B-3B33D8D9876A}.Release|Win32.ActiveCfg = Release|Win32
		{E6F3E8BE-FA79-4BEC-AA3B-3B33D8D9876A}.Release|Win32.Build.0 = Release|Win32
		{57AFACD1-A43D-4772-AA8F-521FF0B220DC}.Debug|Win32.ActiveCfg = Debug|Win32
		{57AFACD1-A43D-4772-AA8F-521FF0B220DC}.Debug|Win32.Build.0 = Debug|Win32
		{57AFACD1-A43D-4772-AA8F-521FF0B220DC}.Release|Win32.ActiveCfg = Release|Win32
		{57AFACD1-A43D-4772-AA8F-521FF0B220DC}.Release|Win32.Build.0 = Release|Win32
		{A966924A-948A-4DFF-ABCE-2A6188345700}.Debug|Win32.ActiveCfg = Debug|Win32
		{A966924A-948A-4DFF-ABCE-2A6188345700}.Debug|Win32.Build.0 = Debug|Win32
		{A966924A-948A-4DFF-ABCE-2A6188345700}.Release|Win32.ActiveCfg = Release|Win32
		{A966924A-948A-4DFF-ABCE-2A6188345700}.Release|Win32.Build.0 = Release|Win32
		{5B57785A-99A3-4D7A-AF09-0DCBD574229F}.Debug|Win32.ActiveCfg = Debug|Win32
		{5B57785A-99A3-4D7A-AF09-0DCBD574229F}.Debug|Win32.Build.0 = Debug|Win32
		{5B57785A-99A3-4D7A-AF09-0DCBD574229F}.Release|Win32.ActiveCfg = Release|Win32
		{5B57785A-99A3-4D7A-AF09-0DCBD574229F}.Release|Win32.Build.0 = Release|Win32
		{94C91431-3434-4706-AA41-F0462B889E0B}.Debug|Win32.ActiveCfg = Debug|Win32
		{94C91431-3434-4706-AA41-F0462B889E0B}.Release|Win32.ActiveCfg = Release|Win32
		{6FF571DA-D3E6-4F8D-916D-AE1FA9C666DE}.Debug|Win32.ActiveCfg = Debug|Win32
		{6FF571DA-D3E6-4F8D-916D-AE1FA9C666DE}.Release|Win32.ActiveCfg = Release|Win32
	EndGlobalSection
	GlobalSection(SolutionProperties) = preSolution
		HideSolutionNode = FALSE
	EndGlobalSection
EndGlobal
